# This file is autogenerated, do not edit; changes may be undone by the next 'dep ensure'.


[[projects]]
  name = "github.com/Sirupsen/logrus"
  packages = ["."]
  revision = "60c74ad9be0d874af0ab0daef6ab07c5c5911f0d"
  version = "v1.6.0"

[[projects]]
  name = "github.com/dgrijalva/jwt-go"
  packages = ["."]
  revision = "06ea1031745cb8b3dab3f6a236daf2b0aa468b7e"
  version = "v3.2.0"

[[projects]]
  name = "github.com/go-stack/stack"
  packages = ["."]
  revision = "2fee6af1a9795aafbe0253a0cfbdf668e1fb8a9a"
  version = "v1.8.0"

[[projects]]
  branch = "master"
  name = "github.com/golang/snappy"
  packages = ["."]
  revision = "2a8bb927dd31d8daada140a5d09578521ce5c36a"

[[projects]]
  name = "github.com/gorilla/mux"
  packages = ["."]
  revision = "00bdffe0f3c77e27d2cf6f5c70232a2d3e4d9c15"
  version = "v1.7.3"

[[projects]]
  name = "github.com/joho/godotenv"
  packages = ["."]
  revision = "23d116af351c84513e1946b527c88823e476be13"
  version = "v1.3.0"

[[projects]]
  name = "github.com/konsorten/go-windows-terminal-sequences"
  packages = ["."]
  revision = "edb144dfd453055e1e49a3d8b410a660b5a87613"
  version = "v1.0.3"

[[projects]]
  branch = "master"
  name = "github.com/xdg/scram"
  packages = ["."]
  revision = "7eeb5667e42c09cb51bf7b7c28aea8c56767da90"

[[projects]]
  branch = "master"
  name = "github.com/xdg/stringprep"
  packages = ["."]
  revision = "73f8eece6fdcd902c185bf651de50f3828bed5ed"

[[projects]]
  name = "go.mongodb.org/mongo-driver"
  packages = ["bson","bson/bsoncodec","bson/bsonrw","bson/bsontype","bson/primitive","event","internal","mongo","mongo/options","mongo/readconcern","mongo/readpref","mongo/writeconcern","tag","version","x/bsonx","x/bsonx/bsoncore","x/mongo/driver","x/mongo/driver/auth","x/mongo/driver/auth/internal/gssapi","x/mongo/driver/session","x/mongo/driver/topology","x/mongo/driver/uuid","x/network/address","x/network/command","x/network/compressor","x/network/connection","x/network/connstring","x/network/description","x/network/result","x/network/wiremessage"]
  revision = "582ff343271e8893d785ff094855498c285bce0a"
  version = "v1.0.3"

[[projects]]
  branch = "master"
  name = "golang.org/x/crypto"
  packages = ["pbkdf2"]
  revision = "4def268fd1a49955bfb3dda92fe3db4f924f2285"

[[projects]]
  branch = "master"
  name = "golang.org/x/sync"
  packages = ["semaphore"]
  revision = "112230192c580c3556b8cee6403af37a4fc5f28c"

[[projects]]
  branch = "master"
  name = "golang.org/x/sys"
  packages = ["internal/unsafeheader","unix"]
  revision = "3e129f6d46b10b0e1da36b3deffcb55e09631b64"

[[projects]]
  name = "golang.org/x/text"
  packages = ["internal/gen","internal/triegen","internal/ucd","transform","unicode/cldr","unicode/norm"]
  revision = "342b2e1fbaa52c93f31447ad2c6abc048c63e475"
  version = "v0.3.2"

[solve-meta]
  analyzer-name = "dep"
  analyzer-version = 1
  inputs-digest = "3d8a3a5e543a57cfd6004b08daa53c9494805fc71e7cb05ca34113b5bd0ea9a2"
  solver-name = "gps-cdcl"
  solver-version = 1
